// !$*UTF8*$!
{
	archiveVersion = 1;
	classes = {
	};
	objectVersion = 56;
	objects = {

/* Begin PBXBuildFile section */
		000000000000000000000130 /* AppIcon.icns in Resources */ = {isa = PBXBuildFile; fileRef = 000000000000000000000220 /* AppIcon.icns */; };
		000000000000000000000101 /* MacTweaksApp.swift in Sources */ = {isa = PBXBuildFile; fileRef = 000000000000000000000201 /* MacTweaksApp.swift */; };
		000000000000000000000102 /* AppDelegate.swift in Sources */ = {isa = PBXBuildFile; fileRef = 000000000000000000000202 /* AppDelegate.swift */; };
		000000000000000000000103 /* StatusMenuController.swift in Sources */ = {isa = PBXBuildFile; fileRef = 000000000000000000000203 /* StatusMenuController.swift */; };
		000000000000000000000104 /* SettingsView.swift in Sources */ = {isa = PBXBuildFile; fileRef = 000000000000000000000204 /* SettingsView.swift */; };
		000000000000000000000105 /* KeyboardDeleteController.swift in Sources */ = {isa = PBXBuildFile; fileRef = 000000000000000000000205 /* KeyboardDeleteController.swift */; };
		000000000000000000000106 /* LaunchAtLoginController.swift in Sources */ = {isa = PBXBuildFile; fileRef = 000000000000000000000206 /* LaunchAtLoginController.swift */; };
		000000000000000000000119 /* FinderServiceProvider.swift in Sources */ = {isa = PBXBuildFile; fileRef = 000000000000000000000217 /* FinderServiceProvider.swift */; };
		000000000000000000000120 /* FinderContextMenuFallbackController.swift in Sources */ = {isa = PBXBuildFile; fileRef = 000000000000000000000218 /* FinderContextMenuFallbackController.swift */; };
		000000000000000000000124 /* FinderClipboardController.swift in Sources */ = {isa = PBXBuildFile; fileRef = 000000000000000000000221 /* FinderClipboardController.swift */; };
		000000000000000000000151 /* ClipboardPayload.swift in Sources */ = {isa = PBXBuildFile; fileRef = 000000000000000000000247 /* ClipboardPayload.swift */; };
		000000000000000000000152 /* ClipboardPayload.swift in Sources */ = {isa = PBXBuildFile; fileRef = 000000000000000000000247 /* ClipboardPayload.swift */; };
		000000000000000000000153 /* ClipboardPayloadTests.swift in Sources */ = {isa = PBXBuildFile; fileRef = 000000000000000000000248 /* ClipboardPayloadTests.swift */; };
		000000000000000000000154 /* FinderInputContext.swift in Sources */ = {isa = PBXBuildFile; fileRef = 000000000000000000000222 /* FinderInputContext.swift */; };
		000000000000000000000155 /* FinderInputContextTests.swift in Sources */ = {isa = PBXBuildFile; fileRef = 000000000000000000000249 /* FinderInputContextTests.swift */; };
		000000000000000000000156 /* FinderActionMenu.swift in Sources */ = {isa = PBXBuildFile; fileRef = 000000000000000000000250 /* FinderActionMenu.swift */; };
		000000000000000000000157 /* FinderActionMenu.swift in Sources */ = {isa = PBXBuildFile; fileRef = 000000000000000000000250 /* FinderActionMenu.swift */; };
		000000000000000000000158 /* FinderActionMenu.swift in Sources */ = {isa = PBXBuildFile; fileRef = 000000000000000000000250 /* FinderActionMenu.swift */; };
		000000000000000000000159 /* FinderActionMenuTests.swift in Sources */ = {isa = PBXBuildFile; fileRef = 000000000000000000000251 /* FinderActionMenuTests.swift */; };
		000000000000000000000160 /* TapGate.swift in Sources */ = {isa = PBXBuildFile; fileRef = 000000000000000000000252 /* TapGate.swift */; };
		000000000000000000000161 /* TapGate.swift in Sources */ = {isa = PBXBuildFile; fileRef = 000000000000000000000252 /* TapGate.swift */; };
		000000000000000000000162 /* TapGateReconcile.swift in Sources */ = {isa = PBXBuildFile; fileRef = 000000000000000000000253 /* TapGateReconcile.swift */; };
		000000000000000000000163 /* TapGateTests.swift in Sources */ = {isa = PBXBuildFile; fileRef = 000000000000000000000254 /* TapGateTests.swift */; };
		000000000000000000000144 /* EventTap.swift in Sources */ = {isa = PBXBuildFile; fileRef = 000000000000000000000242 /* EventTap.swift */; };
		000000000000000000000149 /* Permissions.swift in Sources */ = {isa = PBXBuildFile; fileRef = 000000000000000000000245 /* Permissions.swift */; };
		000000000000000000000150 /* TweakControllers.swift in Sources */ = {isa = PBXBuildFile; fileRef = 000000000000000000000246 /* TweakControllers.swift */; };
		000000000000000000000125 /* FinderInputContext.swift in Sources */ = {isa = PBXBuildFile; fileRef = 000000000000000000000222 /* FinderInputContext.swift */; };
		000000000000000000000121 /* FinderMenuAction.swift in Sources */ = {isa = PBXBuildFile; fileRef = 000000000000000000000219 /* FinderMenuAction.swift */; };
		000000000000000000000122 /* FinderMenuAction.swift in Sources */ = {isa = PBXBuildFile; fileRef = 000000000000000000000219 /* FinderMenuAction.swift */; };
		000000000000000000000123 /* FinderMenuAction.swift in Sources */ = {isa = PBXBuildFile; fileRef = 000000000000000000000219 /* FinderMenuAction.swift */; };
		000000000000000000000107 /* SettingsKeys.swift in Sources */ = {isa = PBXBuildFile; fileRef = 000000000000000000000207 /* SettingsKeys.swift */; };
		000000000000000000000145 /* SettingsSchema.swift in Sources */ = {isa = PBXBuildFile; fileRef = 000000000000000000000243 /* SettingsSchema.swift */; };
		000000000000000000000108 /* SharedSettingsStore.swift in Sources */ = {isa = PBXBuildFile; fileRef = 000000000000000000000208 /* SharedSettingsStore.swift */; };
		000000000000000000000109 /* FinderActionService.swift in Sources */ = {isa = PBXBuildFile; fileRef = 000000000000000000000209 /* FinderActionService.swift */; };
		000000000000000000000140 /* EventDecisions.swift in Sources */ = {isa = PBXBuildFile; fileRef = 000000000000000000000240 /* EventDecisions.swift */; };
		000000000000000000000110 /* FinderSync.swift in Sources */ = {isa = PBXBuildFile; fileRef = 000000000000000000000210 /* FinderSync.swift */; };
		000000000000000000000111 /* SettingsKeys.swift in Sources */ = {isa = PBXBuildFile; fileRef = 000000000000000000000207 /* SettingsKeys.swift */; };
		000000000000000000000146 /* SettingsSchema.swift in Sources */ = {isa = PBXBuildFile; fileRef = 000000000000000000000243 /* SettingsSchema.swift */; };
		000000000000000000000112 /* SharedSettingsStore.swift in Sources */ = {isa = PBXBuildFile; fileRef = 000000000000000000000208 /* SharedSettingsStore.swift */; };
		000000000000000000000113 /* FinderActionService.swift in Sources */ = {isa = PBXBuildFile; fileRef = 000000000000000000000209 /* FinderActionService.swift */; };
		000000000000000000000141 /* EventDecisions.swift in Sources */ = {isa = PBXBuildFile; fileRef = 000000000000000000000240 /* EventDecisions.swift */; };
		000000000000000000000114 /* FinderActionServiceTests.swift in Sources */ = {isa = PBXBuildFile; fileRef = 000000000000000000000211 /* FinderActionServiceTests.swift */; };
		000000000000000000000143 /* EventDecisionsTests.swift in Sources */ = {isa = PBXBuildFile; fileRef = 000000000000000000000241 /* EventDecisionsTests.swift */; };
		000000000000000000000115 /* SettingsKeys.swift in Sources */ = {isa = PBXBuildFile; fileRef = 000000000000000000000207 /* SettingsKeys.swift */; };
		000000000000000000000147 /* SettingsSchema.swift in Sources */ = {isa = PBXBuildFile; fileRef = 000000000000000000000243 /* SettingsSchema.swift */; };
		000000000000000000000148 /* SettingsSchemaTests.swift in Sources */ = {isa = PBXBuildFile; fileRef = 000000000000000000000244 /* SettingsSchemaTests.swift */; };
		000000000000000000000116 /* SharedSettingsStore.swift in Sources */ = {isa = PBXBuildFile; fileRef = 000000000000000000000208 /* SharedSettingsStore.swift */; };
		000000000000000000000117 /* FinderActionService.swift in Sources */ = {isa = PBXBuildFile; fileRef = 000000000000000000000209 /* FinderActionService.swift */; };
		000000000000000000000142 /* EventDecisions.swift in Sources */ = {isa = PBXBuildFile; fileRef = 000000000000000000000240 /* EventDecisions.swift */; };
		000000000000000000000118 /* MacTweaksFinderExtension.appex in Embed App Extensions */ = {isa = PBXBuildFile; fileRef = 000000000000000000000302 /* MacTweaksFinderExtension.appex */; settings = {ATTRIBUTES = (RemoveHeadersOnCopy, ); }; };
/* End PBXBuildFile section */

/* Begin PBXContainerItemProxy section */
		000000000000000000000401 /* PBXContainerItemProxy */ = {
			isa = PBXContainerItemProxy;
			containerPortal = 000000000000000000000001 /* Project object */;
			proxyType = 1;
			remoteGlobalIDString = 000000000000000000000501;
			remoteInfo = "Mac Tweaks";
		};
		000000000000000000000402 /* PBXContainerItemProxy */ = {
			isa = PBXContainerItemProxy;
			containerPortal = 000000000000000000000001 /* Project object */;
			proxyType = 1;
			remoteGlobalIDString = 000000000000000000000502;
			remoteInfo = MacTweaksFinderExtension;
		};
/* End PBXContainerItemProxy section */

/* Begin PBXCopyFilesBuildPhase section */
		000000000000000000000601 /* Embed App Extensions */ = {
			isa = PBXCopyFilesBuildPhase;
			buildActionMask = 2147483647;
			dstPath = "";
			dstSubfolderSpec = 13;
			files = (
				000000000000000000000118 /* MacTweaksFinderExtension.appex in Embed App Extensions */,
			);
			name = "Embed App Extensions";
			runOnlyForDeploymentPostprocessing = 0;
		};
/* End PBXCopyFilesBuildPhase section */

/* Begin PBXFileReference section */
		000000000000000000000201 /* MacTweaksApp.swift */ = {isa = PBXFileReference; lastKnownFileType = sourcecode.swift; path = MacTweaksApp.swift; sourceTree = "<group>"; };
		000000000000000000000202 /* AppDelegate.swift */ = {isa = PBXFileReference; lastKnownFileType = sourcecode.swift; path = AppDelegate.swift; sourceTree = "<group>"; };
		000000000000000000000203 /* StatusMenuController.swift */ = {isa = PBXFileReference; lastKnownFileType = sourcecode.swift; path = StatusMenuController.swift; sourceTree = "<group>"; };
		000000000000000000000204 /* SettingsView.swift */ = {isa = PBXFileReference; lastKnownFileType = sourcecode.swift; path = SettingsView.swift; sourceTree = "<group>"; };
		000000000000000000000205 /* KeyboardDeleteController.swift */ = {isa = PBXFileReference; lastKnownFileType = sourcecode.swift; path = KeyboardDeleteController.swift; sourceTree = "<group>"; };
		000000000000000000000206 /* LaunchAtLoginController.swift */ = {isa = PBXFileReference; lastKnownFileType = sourcecode.swift; path = LaunchAtLoginController.swift; sourceTree = "<group>"; };
		000000000000000000000207 /* SettingsKeys.swift */ = {isa = PBXFileReference; lastKnownFileType = sourcecode.swift; path = SettingsKeys.swift; sourceTree = "<group>"; };
		000000000000000000000243 /* SettingsSchema.swift */ = {isa = PBXFileReference; lastKnownFileType = sourcecode.swift; path = SettingsSchema.swift; sourceTree = "<group>"; };
		000000000000000000000244 /* SettingsSchemaTests.swift */ = {isa = PBXFileReference; lastKnownFileType = sourcecode.swift; path = SettingsSchemaTests.swift; sourceTree = "<group>"; };
		000000000000000000000208 /* SharedSettingsStore.swift */ = {isa = PBXFileReference; lastKnownFileType = sourcecode.swift; path = SharedSettingsStore.swift; sourceTree = "<group>"; };
		000000000000000000000209 /* FinderActionService.swift */ = {isa = PBXFileReference; lastKnownFileType = sourcecode.swift; path = FinderActionService.swift; sourceTree = "<group>"; };
		000000000000000000000240 /* EventDecisions.swift */ = {isa = PBXFileReference; lastKnownFileType = sourcecode.swift; path = EventDecisions.swift; sourceTree = "<group>"; };
		000000000000000000000219 /* FinderMenuAction.swift */ = {isa = PBXFileReference; lastKnownFileType = sourcecode.swift; path = FinderMenuAction.swift; sourceTree = "<group>"; };
		000000000000000000000210 /* FinderSync.swift */ = {isa = PBXFileReference; lastKnownFileType = sourcecode.swift; path = FinderSync.swift; sourceTree = "<group>"; };
		000000000000000000000211 /* FinderActionServiceTests.swift */ = {isa = PBXFileReference; lastKnownFileType = sourcecode.swift; path = FinderActionServiceTests.swift; sourceTree = "<group>"; };
		000000000000000000000241 /* EventDecisionsTests.swift */ = {isa = PBXFileReference; lastKnownFileType = sourcecode.swift; path = EventDecisionsTests.swift; sourceTree = "<group>"; };
		000000000000000000000212 /* Info.plist */ = {isa = PBXFileReference; lastKnownFileType = text.plist.xml; path = Info.plist; sourceTree = "<group>"; };
		000000000000000000000213 /* MacTweaks.entitlements */ = {isa = PBXFileReference; lastKnownFileType = text.plist.entitlements; path = MacTweaks.entitlements; sourceTree = "<group>"; };
		000000000000000000000220 /* AppIcon.icns */ = {isa = PBXFileReference; lastKnownFileType = image.icns; path = AppIcon.icns; sourceTree = "<group>"; };
		000000000000000000000214 /* Info.plist */ = {isa = PBXFileReference; lastKnownFileType = text.plist.xml; path = Info.plist; sourceTree = "<group>"; };
		000000000000000000000215 /* FinderExtension.entitlements */ = {isa = PBXFileReference; lastKnownFileType = text.plist.entitlements; path = FinderExtension.entitlements; sourceTree = "<group>"; };
		000000000000000000000216 /* Info.plist */ = {isa = PBXFileReference; lastKnownFileType = text.plist.xml; path = Info.plist; sourceTree = "<group>"; };
		000000000000000000000217 /* FinderServiceProvider.swift */ = {isa = PBXFileReference; lastKnownFileType = sourcecode.swift; path = FinderServiceProvider.swift; sourceTree = "<group>"; };
		000000000000000000000218 /* FinderContextMenuFallbackController.swift */ = {isa = PBXFileReference; lastKnownFileType = sourcecode.swift; path = FinderContextMenuFallbackController.swift; sourceTree = "<group>"; };
		000000000000000000000221 /* FinderClipboardController.swift */ = {isa = PBXFileReference; lastKnownFileType = sourcecode.swift; path = FinderClipboardController.swift; sourceTree = "<group>"; };
		000000000000000000000247 /* ClipboardPayload.swift */ = {isa = PBXFileReference; lastKnownFileType = sourcecode.swift; path = ClipboardPayload.swift; sourceTree = "<group>"; };
		000000000000000000000248 /* ClipboardPayloadTests.swift */ = {isa = PBXFileReference; lastKnownFileType = sourcecode.swift; path = ClipboardPayloadTests.swift; sourceTree = "<group>"; };
		000000000000000000000249 /* FinderInputContextTests.swift */ = {isa = PBXFileReference; lastKnownFileType = sourcecode.swift; path = FinderInputContextTests.swift; sourceTree = "<group>"; };
		000000000000000000000250 /* FinderActionMenu.swift */ = {isa = PBXFileReference; lastKnownFileType = sourcecode.swift; path = FinderActionMenu.swift; sourceTree = "<group>"; };
		000000000000000000000251 /* FinderActionMenuTests.swift */ = {isa = PBXFileReference; lastKnownFileType = sourcecode.swift; path = FinderActionMenuTests.swift; sourceTree = "<group>"; };
		000000000000000000000252 /* TapGate.swift */ = {isa = PBXFileReference; lastKnownFileType = sourcecode.swift; path = TapGate.swift; sourceTree = "<group>"; };
		000000000000000000000253 /* TapGateReconcile.swift */ = {isa = PBXFileReference; lastKnownFileType = sourcecode.swift; path = TapGateReconcile.swift; sourceTree = "<group>"; };
		000000000000000000000254 /* TapGateTests.swift */ = {isa = PBXFileReference; lastKnownFileType = sourcecode.swift; path = TapGateTests.swift; sourceTree = "<group>"; };
		000000000000000000000242 /* EventTap.swift */ = {isa = PBXFileReference; lastKnownFileType = sourcecode.swift; path = EventTap.swift; sourceTree = "<group>"; };
		000000000000000000000245 /* Permissions.swift */ = {isa = PBXFileReference; lastKnownFileType = sourcecode.swift; path = Permissions.swift; sourceTree = "<group>"; };
		000000000000000000000246 /* TweakControllers.swift */ = {isa = PBXFileReference; lastKnownFileType = sourcecode.swift; path = TweakControllers.swift; sourceTree = "<group>"; };
		000000000000000000000222 /* FinderInputContext.swift */ = {isa = PBXFileReference; lastKnownFileType = sourcecode.swift; path = FinderInputContext.swift; sourceTree = "<group>"; };
		000000000000000000000301 /* Mac Tweaks.app */ = {isa = PBXFileReference; explicitFileType = wrapper.application; includeInIndex = 0; path = "Mac Tweaks.app"; sourceTree = BUILT_PRODUCTS_DIR; };
		000000000000000000000302 /* MacTweaksFinderExtension.appex */ = {isa = PBXFileReference; explicitFileType = "wrapper.app-extension"; includeInIndex = 0; path = MacTweaksFinderExtension.appex; sourceTree = BUILT_PRODUCTS_DIR; };
		000000000000000000000303 /* MacTweaksTests.xctest */ = {isa = PBXFileReference; explicitFileType = wrapper.cfbundle; includeInIndex = 0; path = MacTweaksTests.xctest; sourceTree = BUILT_PRODUCTS_DIR; };
/* End PBXFileReference section */

/* Begin PBXFrameworksBuildPhase section */
		000000000000000000000701 /* Frameworks */ = {
			isa = PBXFrameworksBuildPhase;
			buildActionMask = 2147483647;
			files = (
			);
			runOnlyForDeploymentPostprocessing = 0;
		};
		000000000000000000000702 /* Frameworks */ = {
			isa = PBXFrameworksBuildPhase;
			buildActionMask = 2147483647;
			files = (
			);
			runOnlyForDeploymentPostprocessing = 0;
		};
		000000000000000000000703 /* Frameworks */ = {
			isa = PBXFrameworksBuildPhase;
			buildActionMask = 2147483647;
			files = (
			);
			runOnlyForDeploymentPostprocessing = 0;
		};
/* End PBXFrameworksBuildPhase section */

/* Begin PBXGroup section */
		000000000000000000000801 = {
			isa = PBXGroup;
			children = (
				000000000000000000000802 /* MacTweaks */,
				000000000000000000000803 /* FinderExtension */,
				000000000000000000000804 /* Shared */,
				000000000000000000000805 /* Tests */,
				000000000000000000000806 /* Products */,
			);
			sourceTree = "<group>";
		};
		000000000000000000000802 /* MacTweaks */ = {
			isa = PBXGroup;
			children = (
				000000000000000000000807 /* App */,
				000000000000000000000808 /* Views */,
				000000000000000000000809 /* Services */,
				000000000000000000000810 /* Resources */,
			);
			path = MacTweaks;
			sourceTree = "<group>";
		};
		000000000000000000000803 /* FinderExtension */ = {
			isa = PBXGroup;
			children = (
				000000000000000000000210 /* FinderSync.swift */,
				000000000000000000000811 /* Resources */,
			);
			path = FinderExtension;
			sourceTree = "<group>";
		};
		000000000000000000000804 /* Shared */ = {
			isa = PBXGroup;
			children = (
				000000000000000000000207 /* SettingsKeys.swift */,
				000000000000000000000243 /* SettingsSchema.swift */,
				000000000000000000000208 /* SharedSettingsStore.swift */,
				000000000000000000000209 /* FinderActionService.swift */,
				000000000000000000000240 /* EventDecisions.swift */,
				000000000000000000000219 /* FinderMenuAction.swift */,
				000000000000000000000250 /* FinderActionMenu.swift */,
				000000000000000000000252 /* TapGate.swift */,
			);
			path = Shared;
			sourceTree = "<group>";
		};
		000000000000000000000805 /* Tests */ = {
			isa = PBXGroup;
			children = (
				000000000000000000000211 /* FinderActionServiceTests.swift */,
				000000000000000000000241 /* EventDecisionsTests.swift */,
				000000000000000000000244 /* SettingsSchemaTests.swift */,
				000000000000000000000248 /* ClipboardPayloadTests.swift */,
				000000000000000000000249 /* FinderInputContextTests.swift */,
				000000000000000000000251 /* FinderActionMenuTests.swift */,
				000000000000000000000254 /* TapGateTests.swift */,
				000000000000000000000216 /* Info.plist */,
			);
			path = Tests;
			sourceTree = "<group>";
		};
		000000000000000000000806 /* Products */ = {
			isa = PBXGroup;
			children = (
				000000000000000000000301 /* Mac Tweaks.app */,
				000000000000000000000302 /* MacTweaksFinderExtension.appex */,
				000000000000000000000303 /* MacTweaksTests.xctest */,
			);
			name = Products;
			sourceTree = "<group>";
		};
		000000000000000000000807 /* App */ = {
			isa = PBXGroup;
			children = (
				000000000000000000000201 /* MacTweaksApp.swift */,
				000000000000000000000202 /* AppDelegate.swift */,
				000000000000000000000203 /* StatusMenuController.swift */,
			);
			path = App;
			sourceTree = "<group>";
		};
		000000000000000000000808 /* Views */ = {
			isa = PBXGroup;
			children = (
				000000000000000000000204 /* SettingsView.swift */,
			);
			path = Views;
			sourceTree = "<group>";
		};
		000000000000000000000809 /* Services */ = {
			isa = PBXGroup;
			children = (
				000000000000000000000205 /* KeyboardDeleteController.swift */,
				000000000000000000000206 /* LaunchAtLoginController.swift */,
				000000000000000000000217 /* FinderServiceProvider.swift */,
				000000000000000000000218 /* FinderContextMenuFallbackController.swift */,
				000000000000000000000221 /* FinderClipboardController.swift */,
				000000000000000000000247 /* ClipboardPayload.swift */,
				000000000000000000000242 /* EventTap.swift */,
				000000000000000000000245 /* Permissions.swift */,
				000000000000000000000246 /* TweakControllers.swift */,
				000000000000000000000222 /* FinderInputContext.swift */,
				000000000000000000000253 /* TapGateReconcile.swift */,
			);
			path = Services;
			sourceTree = "<group>";
		};
		000000000000000000000810 /* Resources */ = {
			isa = PBXGroup;
			children = (
				000000000000000000000212 /* Info.plist */,
				000000000000000000000213 /* MacTweaks.entitlements */,
				000000000000000000000220 /* AppIcon.icns */,
			);
			path = Resources;
			sourceTree = "<group>";
		};
		000000000000000000000811 /* Resources */ = {
			isa = PBXGroup;
			children = (
				000000000000000000000214 /* Info.plist */,
				000000000000000000000215 /* FinderExtension.entitlements */,
			);
			path = Resources;
			sourceTree = "<group>";
		};
/* End PBXGroup section */

/* Begin PBXResourcesBuildPhase section */
		000000000000000000000D01 /* Resources */ = {
			isa = PBXResourcesBuildPhase;
			buildActionMask = 2147483647;
			files = (
				000000000000000000000130 /* AppIcon.icns in Resources */,
			);
			runOnlyForDeploymentPostprocessing = 0;
		};
/* End PBXResourcesBuildPhase section */

/* Begin PBXNativeTarget section */
		000000000000000000000501 /* Mac Tweaks */ = {
			isa = PBXNativeTarget;
			buildConfigurationList = 000000000000000000000901 /* Build configuration list for PBXNativeTarget "Mac Tweaks" */;
			buildPhases = (
				000000000000000000000A01 /* Sources */,
				000000000000000000000701 /* Frameworks */,
				000000000000000000000D01 /* Resources */,
				000000000000000000000601 /* Embed App Extensions */,
			);
			buildRules = (
			);
			dependencies = (
				000000000000000000000B02 /* PBXTargetDependency */,
			);
			name = "Mac Tweaks";
			productName = "Mac Tweaks";
			productReference = 000000000000000000000301 /* Mac Tweaks.app */;
			productType = "com.apple.product-type.application";
		};
		000000000000000000000502 /* MacTweaksFinderExtension */ = {
			isa = PBXNativeTarget;
			buildConfigurationList = 000000000000000000000902 /* Build configuration list for PBXNativeTarget "MacTweaksFinderExtension" */;
			buildPhases = (
				000000000000000000000A02 /* Sources */,
				000000000000000000000702 /* Frameworks */,
			);
			buildRules = (
			);
			dependencies = (
			);
			name = MacTweaksFinderExtension;
			productName = MacTweaksFinderExtension;
			productReference = 000000000000000000000302 /* MacTweaksFinderExtension.appex */;
			productType = "com.apple.product-type.app-extension";
		};
		000000000000000000000503 /* MacTweaksTests */ = {
			isa = PBXNativeTarget;
			buildConfigurationList = 000000000000000000000903 /* Build configuration list for PBXNativeTarget "MacTweaksTests" */;
			buildPhases = (
				000000000000000000000A03 /* Sources */,
				000000000000000000000703 /* Frameworks */,
			);
			buildRules = (
			);
			dependencies = (
				000000000000000000000B01 /* PBXTargetDependency */,
			);
			name = MacTweaksTests;
			productName = MacTweaksTests;
			productReference = 000000000000000000000303 /* MacTweaksTests.xctest */;
			productType = "com.apple.product-type.bundle.unit-test";
		};
/* End PBXNativeTarget section */

/* Begin PBXProject section */
		000000000000000000000001 /* Project object */ = {
			isa = PBXProject;
			attributes = {
				BuildIndependentTargetsInParallel = 1;
				LastSwiftUpdateCheck = 2660;
				LastUpgradeCheck = 2660;
				TargetAttributes = {
					000000000000000000000501 = {
						CreatedOnToolsVersion = 26.6;
					};
					000000000000000000000502 = {
						CreatedOnToolsVersion = 26.6;
					};
					000000000000000000000503 = {
						CreatedOnToolsVersion = 26.6;
						TestTargetID = 000000000000000000000501;
					};
				};
			};
			buildConfigurationList = 000000000000000000000900 /* Build configuration list for PBXProject "MacTweaks" */;
			compatibilityVersion = "Xcode 14.0";
			developmentRegion = en;
			hasScannedForEncodings = 0;
			knownRegions = (
				en,
				Base,
			);
			mainGroup = 000000000000000000000801;
			productRefGroup = 000000000000000000000806 /* Products */;
			projectDirPath = "";
			projectRoot = "";
			targets = (
				000000000000000000000501 /* Mac Tweaks */,
				000000000000000000000502 /* MacTweaksFinderExtension */,
				000000000000000000000503 /* MacTweaksTests */,
			);
		};
/* End PBXProject section */

/* Begin PBXSourcesBuildPhase section */
		000000000000000000000A01 /* Sources */ = {
			isa = PBXSourcesBuildPhase;
			buildActionMask = 2147483647;
			files = (
				000000000000000000000101 /* MacTweaksApp.swift in Sources */,
				000000000000000000000102 /* AppDelegate.swift in Sources */,
				000000000000000000000103 /* StatusMenuController.swift in Sources */,
				000000000000000000000104 /* SettingsView.swift in Sources */,
				000000000000000000000105 /* KeyboardDeleteController.swift in Sources */,
				000000000000000000000106 /* LaunchAtLoginController.swift in Sources */,
				000000000000000000000119 /* FinderServiceProvider.swift in Sources */,
				000000000000000000000120 /* FinderContextMenuFallbackController.swift in Sources */,
				000000000000000000000124 /* FinderClipboardController.swift in Sources */,
				000000000000000000000151 /* ClipboardPayload.swift in Sources */,
				000000000000000000000144 /* EventTap.swift in Sources */,
				000000000000000000000149 /* Permissions.swift in Sources */,
				000000000000000000000150 /* TweakControllers.swift in Sources */,
				000000000000000000000125 /* FinderInputContext.swift in Sources */,
				000000000000000000000107 /* SettingsKeys.swift in Sources */,
				000000000000000000000145 /* SettingsSchema.swift in Sources */,
				000000000000000000000108 /* SharedSettingsStore.swift in Sources */,
				000000000000000000000109 /* FinderActionService.swift in Sources */,
				000000000000000000000140 /* EventDecisions.swift in Sources */,
				000000000000000000000121 /* FinderMenuAction.swift in Sources */,
				000000000000000000000156 /* FinderActionMenu.swift in Sources */,
				000000000000000000000160 /* TapGate.swift in Sources */,
				000000000000000000000162 /* TapGateReconcile.swift in Sources */,
			);
			runOnlyForDeploymentPostprocessing = 0;
		};
		000000000000000000000A02 /* Sources */ = {
			isa = PBXSourcesBuildPhase;
			buildActionMask = 2147483647;
			files = (
				000000000000000000000110 /* FinderSync.swift in Sources */,
				000000000000000000000111 /* SettingsKeys.swift in Sources */,
				000000000000000000000146 /* SettingsSchema.swift in Sources */,
				000000000000000000000112 /* SharedSettingsStore.swift in Sources */,
				000000000000000000000113 /* FinderActionService.swift in Sources */,
				000000000000000000000141 /* EventDecisions.swift in Sources */,
				000000000000000000000122 /* FinderMenuAction.swift in Sources */,
				000000000000000000000157 /* FinderActionMenu.swift in Sources */,
			);
			runOnlyForDeploymentPostprocessing = 0;
		};
		000000000000000000000A03 /* Sources */ = {
			isa = PBXSourcesBuildPhase;
			buildActionMask = 2147483647;
			files = (
				000000000000000000000114 /* FinderActionServiceTests.swift in Sources */,
				000000000000000000000143 /* EventDecisionsTests.swift in Sources */,
				000000000000000000000115 /* SettingsKeys.swift in Sources */,
				000000000000000000000147 /* SettingsSchema.swift in Sources */,
				000000000000000000000148 /* SettingsSchemaTests.swift in Sources */,
				000000000000000000000152 /* ClipboardPayload.swift in Sources */,
				000000000000000000000153 /* ClipboardPayloadTests.swift in Sources */,
				000000000000000000000154 /* FinderInputContext.swift in Sources */,
				000000000000000000000155 /* FinderInputContextTests.swift in Sources */,
				000000000000000000000116 /* SharedSettingsStore.swift in Sources */,
				000000000000000000000117 /* FinderActionService.swift in Sources */,
				000000000000000000000142 /* EventDecisions.swift in Sources */,
				000000000000000000000123 /* FinderMenuAction.swift in Sources */,
				000000000000000000000158 /* FinderActionMenu.swift in Sources */,
				000000000000000000000159 /* FinderActionMenuTests.swift in Sources */,
				000000000000000000000161 /* TapGate.swift in Sources */,
				000000000000000000000163 /* TapGateTests.swift in Sources */,
			);
			runOnlyForDeploymentPostprocessing = 0;
		};
/* End PBXSourcesBuildPhase section */

/* Begin PBXTargetDependency section */
		000000000000000000000B01 /* PBXTargetDependency */ = {
			isa = PBXTargetDependency;
			target = 000000000000000000000501 /* Mac Tweaks */;
			targetProxy = 000000000000000000000401 /* PBXContainerItemProxy */;
		};
		000000000000000000000B02 /* PBXTargetDependency */ = {
			isa = PBXTargetDependency;
			target = 000000000000000000000502 /* MacTweaksFinderExtension */;
			targetProxy = 000000000000000000000402 /* PBXContainerItemProxy */;
		};
/* End PBXTargetDependency section */

/* Begin XCBuildConfiguration section */
		000000000000000000000C01 /* Debug */ = {
			isa = XCBuildConfiguration;
			buildSettings = {
				ALWAYS_SEARCH_USER_PATHS = NO;
				CLANG_ANALYZER_NONNULL = YES;
				CLANG_ANALYZER_NUMBER_OBJECT_CONVERSION = YES_AGGRESSIVE;
				CLANG_CXX_LANGUAGE_STANDARD = "gnu++20";
				CLANG_ENABLE_MODULES = YES;
				CLANG_ENABLE_OBJC_ARC = YES;
				CLANG_ENABLE_OBJC_WEAK = YES;
				CLANG_WARN_BLOCK_CAPTURE_AUTORELEASING = YES;
				CLANG_WARN_BOOL_CONVERSION = YES;
				CLANG_WARN_COMMA = YES;
				CLANG_WARN_CONSTANT_CONVERSION = YES;
				CLANG_WARN_DEPRECATED_OBJC_IMPLEMENTATIONS = YES;
				CLANG_WARN_DIRECT_OBJC_ISA_USAGE = YES_ERROR;
				CLANG_WARN_DOCUMENTATION_COMMENTS = YES;
				CLANG_WARN_EMPTY_BODY = YES;
				CLANG_WARN_ENUM_CONVERSION = YES;
				CLANG_WARN_INFINITE_RECURSION = YES;
				CLANG_WARN_INT_CONVERSION = YES;
				CLANG_WARN_NON_LITERAL_NULL_CONVERSION = YES;
				CLANG_WARN_OBJC_IMPLICIT_RETAIN_SELF = YES;
				CLANG_WARN_OBJC_LITERAL_CONVERSION = YES;
				CLANG_WARN_OBJC_ROOT_CLASS = YES_ERROR;
				CLANG_WARN_QUOTED_INCLUDE_IN_FRAMEWORK_HEADER = YES;
				CLANG_WARN_RANGE_LOOP_ANALYSIS = YES;
				CLANG_WARN_STRICT_PROTOTYPES = YES;
				CLANG_WARN_SUSPICIOUS_MOVE = YES;
				CLANG_WARN_UNGUARDED_AVAILABILITY = YES_AGGRESSIVE;
				CLANG_WARN_UNREACHABLE_CODE = YES;
				CLANG_WARN__DUPLICATE_METHOD_MATCH = YES;
				COPY_PHASE_STRIP = NO;
				DEBUG_INFORMATION_FORMAT = dwarf;
				ENABLE_STRICT_OBJC_MSGSEND = YES;
				ENABLE_TESTABILITY = YES;
				GCC_C_LANGUAGE_STANDARD = gnu17;
				GCC_DYNAMIC_NO_PIC = NO;
				GCC_NO_COMMON_BLOCKS = YES;
				GCC_OPTIMIZATION_LEVEL = 0;
				GCC_PREPROCESSOR_DEFINITIONS = (
					"DEBUG=1",
					"$(inherited)",
				);
				GCC_WARN_64_TO_32_BIT_CONVERSION = YES;
				GCC_WARN_ABOUT_RETURN_TYPE = YES_ERROR;
				GCC_WARN_UNDECLARED_SELECTOR = YES;
				GCC_WARN_UNINITIALIZED_AUTOS = YES_AGGRESSIVE;
				GCC_WARN_UNUSED_FUNCTION = YES;
				GCC_WARN_UNUSED_VARIABLE = YES;
				MACOSX_DEPLOYMENT_TARGET = 14.0;
				MTL_ENABLE_DEBUG_INFO = INCLUDE_SOURCE;
				MTL_FAST_MATH = YES;
				ONLY_ACTIVE_ARCH = YES;
				SDKROOT = macosx;
				SWIFT_ACTIVE_COMPILATION_CONDITIONS = DEBUG;
				SWIFT_EMIT_LOC_STRINGS = YES;
				SWIFT_OPTIMIZATION_LEVEL = "-Onone";
				SWIFT_VERSION = 5.0;
			};
			name = Debug;
		};
		000000000000000000000C02 /* Release */ = {
			isa = XCBuildConfiguration;
			buildSettings = {
				ALWAYS_SEARCH_USER_PATHS = NO;
				CLANG_ANALYZER_NONNULL = YES;
				CLANG_ANALYZER_NUMBER_OBJECT_CONVERSION = YES_AGGRESSIVE;
				CLANG_CXX_LANGUAGE_STANDARD = "gnu++20";
				CLANG_ENABLE_MODULES = YES;
				CLANG_ENABLE_OBJC_ARC = YES;
				CLANG_ENABLE_OBJC_WEAK = YES;
				CLANG_WARN_BLOCK_CAPTURE_AUTORELEASING = YES;
				CLANG_WARN_BOOL_CONVERSION = YES;
				CLANG_WARN_COMMA = YES;
				CLANG_WARN_CONSTANT_CONVERSION = YES;
				CLANG_WARN_DEPRECATED_OBJC_IMPLEMENTATIONS = YES;
				CLANG_WARN_DIRECT_OBJC_ISA_USAGE = YES_ERROR;
				CLANG_WARN_DOCUMENTATION_COMMENTS = YES;
				CLANG_WARN_EMPTY_BODY = YES;
				CLANG_WARN_ENUM_CONVERSION = YES;
				CLANG_WARN_INFINITE_RECURSION = YES;
				CLANG_WARN_INT_CONVERSION = YES;
				CLANG_WARN_NON_LITERAL_NULL_CONVERSION = YES;
				CLANG_WARN_OBJC_IMPLICIT_RETAIN_SELF = YES;
				CLANG_WARN_OBJC_LITERAL_CONVERSION = YES;
				CLANG_WARN_OBJC_ROOT_CLASS = YES_ERROR;
				CLANG_WARN_QUOTED_INCLUDE_IN_FRAMEWORK_HEADER = YES;
				CLANG_WARN_RANGE_LOOP_ANALYSIS = YES;
				CLANG_WARN_STRICT_PROTOTYPES = YES;
				CLANG_WARN_SUSPICIOUS_MOVE = YES;
				CLANG_WARN_UNGUARDED_AVAILABILITY = YES_AGGRESSIVE;
				CLANG_WARN_UNREACHABLE_CODE = YES;
				CLANG_WARN__DUPLICATE_METHOD_MATCH = YES;
				COPY_PHASE_STRIP = NO;
				DEBUG_INFORMATION_FORMAT = "dwarf-with-dsym";
				ENABLE_NS_ASSERTIONS = NO;
				ENABLE_STRICT_OBJC_MSGSEND = YES;
				GCC_C_LANGUAGE_STANDARD = gnu17;
				GCC_NO_COMMON_BLOCKS = YES;
				GCC_WARN_64_TO_32_BIT_CONVERSION = YES;
				GCC_WARN_ABOUT_RETURN_TYPE = YES_ERROR;
				GCC_WARN_UNDECLARED_SELECTOR = YES;
				GCC_WARN_UNINITIALIZED_AUTOS = YES_AGGRESSIVE;
				GCC_WARN_UNUSED_FUNCTION = YES;
				GCC_WARN_UNUSED_VARIABLE = YES;
				MACOSX_DEPLOYMENT_TARGET = 14.0;
				MTL_ENABLE_DEBUG_INFO = NO;
				MTL_FAST_MATH = YES;
				SDKROOT = macosx;
				SWIFT_COMPILATION_MODE = wholemodule;
				SWIFT_EMIT_LOC_STRINGS = YES;
				SWIFT_OPTIMIZATION_LEVEL = "-O";
				SWIFT_VERSION = 5.0;
			};
			name = Release;
		};
		000000000000000000000C03 /* Debug */ = {
			isa = XCBuildConfiguration;
			buildSettings = {
				ASSETCATALOG_COMPILER_GENERATE_SWIFT_ASSET_SYMBOL_EXTENSIONS = YES;
				CODE_SIGN_STYLE = Automatic;
				COMBINE_HIDPI_IMAGES = YES;
				ENABLE_HARDENED_RUNTIME = YES;
				GENERATE_INFOPLIST_FILE = NO;
				INFOPLIST_FILE = MacTweaks/Resources/Info.plist;
				LD_RUNPATH_SEARCH_PATHS = (
					"$(inherited)",
					"@executable_path/../Frameworks",
					"@executable_path/../PlugIns",
				);
				PRODUCT_BUNDLE_IDENTIFIER = com.noah.MacTweaks;
				PRODUCT_NAME = "Mac Tweaks";
				PROVISIONING_PROFILE_SPECIFIER = "";
				SWIFT_VERSION = 5.0;
			};
			name = Debug;
		};
		000000000000000000000C04 /* Release */ = {
			isa = XCBuildConfiguration;
			buildSettings = {
				ASSETCATALOG_COMPILER_GENERATE_SWIFT_ASSET_SYMBOL_EXTENSIONS = YES;
				CODE_SIGN_STYLE = Automatic;
				COMBINE_HIDPI_IMAGES = YES;
				ENABLE_HARDENED_RUNTIME = YES;
				GENERATE_INFOPLIST_FILE = NO;
				INFOPLIST_FILE = MacTweaks/Resources/Info.plist;
				LD_RUNPATH_SEARCH_PATHS = (
					"$(inherited)",
					"@executable_path/../Frameworks",
					"@executable_path/../PlugIns",
				);
				PRODUCT_BUNDLE_IDENTIFIER = com.noah.MacTweaks;
				PRODUCT_NAME = "Mac Tweaks";
				PROVISIONING_PROFILE_SPECIFIER = "";
				SWIFT_VERSION = 5.0;
			};
			name = Release;
		};
		000000000000000000000C05 /* Debug */ = {
			isa = XCBuildConfiguration;
			buildSettings = {
				APPLICATION_EXTENSION_API_ONLY = YES;
				CODE_SIGN_ENTITLEMENTS = FinderExtension/Resources/FinderExtension.entitlements;
				CODE_SIGN_STYLE = Automatic;
				GENERATE_INFOPLIST_FILE = NO;
				INFOPLIST_FILE = FinderExtension/Resources/Info.plist;
				LD_RUNPATH_SEARCH_PATHS = (
					"$(inherited)",
					"@executable_path/../../../../Frameworks",
					"@executable_path/../../../../../Frameworks",
				);
				PRODUCT_BUNDLE_IDENTIFIER = com.noah.MacTweaks.FinderExtension;
				PRODUCT_NAME = MacTweaksFinderExtension;
				PROVISIONING_PROFILE_SPECIFIER = "";
				SKIP_INSTALL = YES;
				SWIFT_VERSION = 5.0;
				WRAPPER_EXTENSION = appex;
			};
			name = Debug;
		};
		000000000000000000000C06 /* Release */ = {
			isa = XCBuildConfiguration;
			buildSettings = {
				APPLICATION_EXTENSION_API_ONLY = YES;
				CODE_SIGN_ENTITLEMENTS = FinderExtension/Resources/FinderExtension.entitlements;
				CODE_SIGN_STYLE = Automatic;
				GENERATE_INFOPLIST_FILE = NO;
				INFOPLIST_FILE = FinderExtension/Resources/Info.plist;
				LD_RUNPATH_SEARCH_PATHS = (
					"$(inherited)",
					"@executable_path/../../../../Frameworks",
					"@executable_path/../../../../../Frameworks",
				);
				PRODUCT_BUNDLE_IDENTIFIER = com.noah.MacTweaks.FinderExtension;
				PRODUCT_NAME = MacTweaksFinderExtension;
				PROVISIONING_PROFILE_SPECIFIER = "";
				SKIP_INSTALL = YES;
				SWIFT_VERSION = 5.0;
				WRAPPER_EXTENSION = appex;
			};
			name = Release;
		};
		000000000000000000000C07 /* Debug */ = {
			isa = XCBuildConfiguration;
			buildSettings = {
				CODE_SIGN_STYLE = Automatic;
				GENERATE_INFOPLIST_FILE = NO;
				INFOPLIST_FILE = Tests/Info.plist;
				PRODUCT_BUNDLE_IDENTIFIER = com.noah.MacTweaksTests;
				PRODUCT_NAME = "$(TARGET_NAME)";
				SWIFT_VERSION = 5.0;
			};
			name = Debug;
		};
		000000000000000000000C08 /* Release */ = {
			isa = XCBuildConfiguration;
			buildSettings = {
				CODE_SIGN_STYLE = Automatic;
				GENERATE_INFOPLIST_FILE = NO;
				INFOPLIST_FILE = Tests/Info.plist;
				PRODUCT_BUNDLE_IDENTIFIER = com.noah.MacTweaksTests;
				PRODUCT_NAME = "$(TARGET_NAME)";
				SWIFT_VERSION = 5.0;
			};
			name = Release;
		};
/* End XCBuildConfiguration section */

/* Begin XCConfigurationList section */
		000000000000000000000900 /* Build configuration list for PBXProject "MacTweaks" */ = {
			isa = XCConfigurationList;
			buildConfigurations = (
				000000000000000000000C01 /* Debug */,
				000000000000000000000C02 /* Release */,
			);
			defaultConfigurationIsVisible = 0;
			defaultConfigurationName = Release;
		};
		000000000000000000000901 /* Build configuration list for PBXNativeTarget "Mac Tweaks" */ = {
			isa = XCConfigurationList;
			buildConfigurations = (
				000000000000000000000C03 /* Debug */,
				000000000000000000000C04 /* Release */,
			);
			defaultConfigurationIsVisible = 0;
			defaultConfigurationName = Release;
		};
		000000000000000000000902 /* Build configuration list for PBXNativeTarget "MacTweaksFinderExtension" */ = {
			isa = XCConfigurationList;
			buildConfigurations = (
				000000000000000000000C05 /* Debug */,
				000000000000000000000C06 /* Release */,
			);
			defaultConfigurationIsVisible = 0;
			defaultConfigurationName = Release;
		};
		000000000000000000000903 /* Build configuration list for PBXNativeTarget "MacTweaksTests" */ = {
			isa = XCConfigurationList;
			buildConfigurations = (
				000000000000000000000C07 /* Debug */,
				000000000000000000000C08 /* Release */,
			);
			defaultConfigurationIsVisible = 0;
			defaultConfigurationName = Release;
		};
/* End XCConfigurationList section */
	};
	rootObject = 000000000000000000000001 /* Project object */;
}
